
Microsoft Visual Studio Solution File, Format Version 12.00
Project("{FAE04EC0-301F-11D3-BF4B-00C04F79EFBC}") = "FramePasteBot", "FramePasteBot\FramePasteBot.csproj", "{C852AC1E-7C00-4275-81B3-C42EEE0FA749}"
EndProject
Global
	GlobalSection(SolutionConfigurationPlatforms) = preSolution
		Debug|Any CPU = Debug|Any CPU
		Release|Any CPU = Release|Any CPU
	EndGlobalSection
	GlobalSection(ProjectConfigurationPlatforms) = postSolution
		{C852AC1E-7C00-4275-81B3-C42EEE0FA749}.Debug|Any CPU.ActiveCfg = Debug|Any CPU
		{C852AC1E-7C00-4275-81B3-C42EEE0FA749}.Debug|Any CPU.Build.0 = Debug|Any CPU
		{C852AC1E-7C00-4275-81B3-C42EEE0FA749}.Release|Any CPU.ActiveCfg = Release|Any CPU
		{C852AC1E-7C00-4275-81B3-C42EEE0FA749}.Release|Any CPU.Build.0 = Release|Any CPU
	EndGlobalSection
EndGlobal
